
Microsoft Visual Studio Solution File, Format Version 12.00
# Visual Studio Version 16
VisualStudioVersion = 16.0.31019.35
MinimumVisualStudioVersion = 10.0.40219.1
Project("{FAE04EC0-301F-11D3-BF4B-00C04F79EFBC}") = "Task 8.2", "Task 8.2\Task 8.2.csproj", "{4BF1E86D-683E-442D-87AC-E2CC80C471E3}"
EndProject
Project("{2150E333-8FDC-42A3-9474-1A3956D46DE8}") = "DAL", "DAL", "{D531C2A9-2851-4131-98F5-D1FA9E7E11D9}"
EndProject
Project("{2150E333-8FDC-42A3-9474-1A3956D46DE8}") = "BLL", "BLL", "{4ED9E4D5-CB2C-439F-BA22-D6DB44CDEF2E}"
EndProject
Project("{2150E333-8FDC-42A3-9474-1A3956D46DE8}") = "Common", "Common", "{FC886E9A-9A80-43FB-8952-2AC122786141}"
EndProject
Project("{2150E333-8FDC-42A3-9474-1A3956D46DE8}") = "PL", "PL", "{7F88C068-84D2-4B8A-BE2B-C968299019D9}"
EndProject
Project("{FAE04EC0-301F-11D3-BF4B-00C04F79EFBC}") = "Epam.UsersAwards.ConsolePL", "ConsolePL\Epam.UsersAwards.ConsolePL.csproj", "{914DBC7E-358E-4DC0-BB8D-32E16894EC1B}"
EndProject
Project("{FAE04EC0-301F-11D3-BF4B-00C04F79EFBC}") = "Epam.UsersAwards.JsonDAL", "Epam.UsersAwards.JsonDAL\Epam.UsersAwards.JsonDAL.csproj", "{1D4BAF91-C556-4720-B342-72B56F67C8C9}"
EndProject
Project("{FAE04EC0-301F-11D3-BF4B-00C04F79EFBC}") = "Epam.UsersAwards.SqlDAL", "Epam.UsersAwards.SqlDAL\Epam.UsersAwards.SqlDAL.csproj", "{53A3E218-57BE-4121-B9D9-9FCC8414DE33}"
EndProject
Project("{FAE04EC0-301F-11D3-BF4B-00C04F79EFBC}") = "Epam.UsersAwardsDAL.Interfaces", "Epam.UsersAwardsDAL.Interfaces\Epam.UsersAwardsDAL.Interfaces.csproj", "{400FC239-7432-4404-85DE-02E0A84B8243}"
EndProject
Project("{FAE04EC0-301F-11D3-BF4B-00C04F79EFBC}") = "Epam.UsersAwards.Entities", "Epam.UsersAwards.Entities\Epam.UsersAwards.Entities.csproj", "{3272A0E1-B200-454A-93C6-0B2C183F5186}"
EndProject
Project("{FAE04EC0-301F-11D3-BF4B-00C04F79EFBC}") = "Epam.UsersAwards.Dependences", "Epam.UsersAwards.Dependences\Epam.UsersAwards.Dependences.csproj", "{0CC7DC49-C2B3-4120-95C0-5E11C7440689}"
EndProject
Project("{FAE04EC0-301F-11D3-BF4B-00C04F79EFBC}") = "Epam.UsersAwards.BLL", "Epam.UsersAwards.BLL\Epam.UsersAwards.BLL.csproj", "{D93A8CE8-0BA8-4805-9C0D-5E6C5AB56F40}"
EndProject
Project("{FAE04EC0-301F-11D3-BF4B-00C04F79EFBC}") = "Epam.UsersAwards.BLL.Interfaces", "Epam.UsersAwards.BLL.Interfaces\Epam.UsersAwards.BLL.Interfaces.csproj", "{64C7F2E0-EA20-4B33-8645-11ACE0FC794F}"
EndProject
Global
	GlobalSection(SolutionConfigurationPlatforms) = preSolution
		Debug|Any CPU = Debug|Any CPU
		Release|Any CPU = Release|Any CPU
	EndGlobalSection
	GlobalSection(ProjectConfigurationPlatforms) = postSolution
		{4BF1E86D-683E-442D-87AC-E2CC80C471E3}.Debug|Any CPU.ActiveCfg = Debug|Any CPU
		{4BF1E86D-683E-442D-87AC-E2CC80C471E3}.Debug|Any CPU.Build.0 = Debug|Any CPU
		{4BF1E86D-683E-442D-87AC-E2CC80C471E3}.Release|Any CPU.ActiveCfg = Release|Any CPU
		{4BF1E86D-683E-442D-87AC-E2CC80C471E3}.Release|Any CPU.Build.0 = Release|Any CPU
		{914DBC7E-358E-4DC0-BB8D-32E16894EC1B}.Debug|Any CPU.ActiveCfg = Debug|Any CPU
		{914DBC7E-358E-4DC0-BB8D-32E16894EC1B}.Debug|Any CPU.Build.0 = Debug|Any CPU
		{914DBC7E-358E-4DC0-BB8D-32E16894EC1B}.Release|Any CPU.ActiveCfg = Release|Any CPU
		{914DBC7E-358E-4DC0-BB8D-32E16894EC1B}.Release|Any CPU.Build.0 = Release|Any CPU
		{1D4BAF91-C556-4720-B342-72B56F67C8C9}.Debug|Any CPU.ActiveCfg = Debug|Any CPU
		{1D4BAF91-C556-4720-B342-72B56F67C8C9}.Debug|Any CPU.Build.0 = Debug|Any CPU
		{1D4BAF91-C556-4720-B342-72B56F67C8C9}.Release|Any CPU.ActiveCfg = Release|Any CPU
		{1D4BAF91-C556-4720-B342-72B56F67C8C9}.Release|Any CPU.Build.0 = Release|Any CPU
		{53A3E218-57BE-4121-B9D9-9FCC8414DE33}.Debug|Any CPU.ActiveCfg = Debug|Any CPU
		{53A3E218-57BE-4121-B9D9-9FCC8414DE33}.Debug|Any CPU.Build.0 = Debug|Any CPU
		{53A3E218-57BE-4121-B9D9-9FCC8414DE33}.Release|Any CPU.ActiveCfg = Release|Any CPU
		{53A3E218-57BE-4121-B9D9-9FCC8414DE33}.Release|Any CPU.Build.0 = Release|Any CPU
		{400FC239-7432-4404-85DE-02E0A84B8243}.Debug|Any CPU.ActiveCfg = Debug|Any CPU
		{400FC239-7432-4404-85DE-02E0A84B8243}.Debug|Any CPU.Build.0 = Debug|Any CPU
		{400FC239-7432-4404-85DE-02E0A84B8243}.Release|Any CPU.ActiveCfg = Release|Any CPU
		{400FC239-7432-4404-85DE-02E0A84B8243}.Release|Any CPU.Build.0 = Release|Any CPU
		{3272A0E1-B200-454A-93C6-0B2C183F5186}.Debug|Any CPU.ActiveCfg = Debug|Any CPU
		{3272A0E1-B200-454A-93C6-0B2C183F5186}.Debug|Any CPU.Build.0 = Debug|Any CPU
		{3272A0E1-B200-454A-93C6-0B2C183F5186}.Release|Any CPU.ActiveCfg = Release|Any CPU
		{3272A0E1-B200-454A-93C6-0B2C183F5186}.Release|Any CPU.Build.0 = Release|Any CPU
		{0CC7DC49-C2B3-4120-95C0-5E11C7440689}.Debug|Any CPU.ActiveCfg = Debug|Any CPU
		{0CC7DC49-C2B3-4120-95C0-5E11C7440689}.Debug|Any CPU.Build.0 = Debug|Any CPU
		{0CC7DC49-C2B3-4120-95C0-5E11C7440689}.Release|Any CPU.ActiveCfg = Release|Any CPU
		{0CC7DC49-C2B3-4120-95C0-5E11C7440689}.Release|Any CPU.Build.0 = Release|Any CPU
		{D93A8CE8-0BA8-4805-9C0D-5E6C5AB56F40}.Debug|Any CPU.ActiveCfg = Debug|Any CPU
		{D93A8CE8-0BA8-4805-9C0D-5E6C5AB56F40}.Debug|Any CPU.Build.0 = Debug|Any CPU
		{D93A8CE8-0BA8-4805-9C0D-5E6C5AB56F40}.Release|Any CPU.ActiveCfg = Release|Any CPU
		{D93A8CE8-0BA8-4805-9C0D-5E6C5AB56F40}.Release|Any CPU.Build.0 = Release|Any CPU
		{64C7F2E0-EA20-4B33-8645-11ACE0FC794F}.Debug|Any CPU.ActiveCfg = Debug|Any CPU
		{64C7F2E0-EA20-4B33-8645-11ACE0FC794F}.Debug|Any CPU.Build.0 = Debug|Any CPU
		{64C7F2E0-EA20-4B33-8645-11ACE0FC794F}.Release|Any CPU.ActiveCfg = Release|Any CPU
		{64C7F2E0-EA20-4B33-8645-11ACE0FC794F}.Release|Any CPU.Build.0 = Release|Any CPU
	EndGlobalSection
	GlobalSection(SolutionProperties) = preSolution
		HideSolutionNode = FALSE
	EndGlobalSection
	GlobalSection(NestedProjects) = preSolution
		{914DBC7E-358E-4DC0-BB8D-32E16894EC1B} = {7F88C068-84D2-4B8A-BE2B-C968299019D9}
		{1D4BAF91-C556-4720-B342-72B56F67C8C9} = {D531C2A9-2851-4131-98F5-D1FA9E7E11D9}
		{53A3E218-57BE-4121-B9D9-9FCC8414DE33} = {D531C2A9-2851-4131-98F5-D1FA9E7E11D9}
		{400FC239-7432-4404-85DE-02E0A84B8243} = {D531C2A9-2851-4131-98F5-D1FA9E7E11D9}
		{3272A0E1-B200-454A-93C6-0B2C183F5186} = {FC886E9A-9A80-43FB-8952-2AC122786141}
		{0CC7DC49-C2B3-4120-95C0-5E11C7440689} = {FC886E9A-9A80-43FB-8952-2AC122786141}
		{D93A8CE8-0BA8-4805-9C0D-5E6C5AB56F40} = {4ED9E4D5-CB2C-439F-BA22-D6DB44CDEF2E}
		{64C7F2E0-EA20-4B33-8645-11ACE0FC794F} = {4ED9E4D5-CB2C-439F-BA22-D6DB44CDEF2E}
	EndGlobalSection
	GlobalSection(ExtensibilityGlobals) = postSolution
		SolutionGuid = {61D90C69-7610-4640-950A-C3507DED349C}
	EndGlobalSection
EndGlobal
