
Microsoft Visual Studio Solution File, Format Version 12.00
# Visual Studio Version 16
VisualStudioVersion = 16.0.31019.35
MinimumVisualStudioVersion = 10.0.40219.1
Project("{9A19103F-16F7-4668-BE54-9A1E7A4F7556}") = "Epam.Task8.2.ConsolePL", "Epam.Task8.1.ConsolePL\Epam.Task8.2.ConsolePL.csproj", "{F379CD3C-8971-4369-89E4-A2D06E6C79F5}"
EndProject
Project("{9A19103F-16F7-4668-BE54-9A1E7A4F7556}") = "Epam.Task8.2.BLL", "Epam.Task8.1.BLL\Epam.Task8.2.BLL.csproj", "{4588FC5F-4570-4A37-800C-A6FDACDF89A3}"
EndProject
Project("{9A19103F-16F7-4668-BE54-9A1E7A4F7556}") = "Epam.Task8.2.JsonDAL", "Epam.Task8.1.DAL\Epam.Task8.2.JsonDAL.csproj", "{ADF67D37-DA63-4C48-A251-AB26F7BFFAD4}"
EndProject
Project("{9A19103F-16F7-4668-BE54-9A1E7A4F7556}") = "Epam.Task8.2.Entities", "Epam.Task8.1.Entities\Epam.Task8.2.Entities.csproj", "{DE638BE4-3B67-4740-A309-9A861EF83C48}"
EndProject
Project("{9A19103F-16F7-4668-BE54-9A1E7A4F7556}") = "Epam.Task8.SqlDAL", "Epam.Task8.SqlDAL\Epam.Task8.SqlDAL.csproj", "{6BEE1980-ECF1-4390-AACB-857B8F0CD856}"
EndProject
Project("{2150E333-8FDC-42A3-9474-1A3956D46DE8}") = "BLL", "BLL", "{F89FC178-BA4E-48E4-8DA6-FD781A5654A2}"
EndProject
Project("{2150E333-8FDC-42A3-9474-1A3956D46DE8}") = "PL", "PL", "{F08646EA-46DD-47C8-9288-F753CD45BBC0}"
EndProject
Project("{2150E333-8FDC-42A3-9474-1A3956D46DE8}") = "DAL", "DAL", "{935E5498-395E-4865-A900-3DA1EE4B7D89}"
EndProject
Project("{2150E333-8FDC-42A3-9474-1A3956D46DE8}") = "Common", "Common", "{21D62ECC-D3AC-4471-BAF9-317D98C7B73A}"
EndProject
Project("{9A19103F-16F7-4668-BE54-9A1E7A4F7556}") = "Epam.UsersDAL.Interfaces", "Epam.User.Dal.Interfaces\Epam.UsersDAL.Interfaces.csproj", "{37B01CD2-695D-47F8-8DCD-F2D60A3CCFC0}"
EndProject
Project("{9A19103F-16F7-4668-BE54-9A1E7A4F7556}") = "Epam.Users.Dependences", "Epam.User.Dependences\Epam.Users.Dependences.csproj", "{7B8B7755-720B-4799-A08F-0F5B059EAAAE}"
EndProject
Project("{9A19103F-16F7-4668-BE54-9A1E7A4F7556}") = "Epam.Users.BLL.Interfaces", "Epam.User.BLL.Interfaces\Epam.Users.BLL.Interfaces.csproj", "{FA51793E-C697-4AA5-AAA4-9241FDF90051}"
EndProject
Global
	GlobalSection(SolutionConfigurationPlatforms) = preSolution
		Debug|Any CPU = Debug|Any CPU
		Release|Any CPU = Release|Any CPU
	EndGlobalSection
	GlobalSection(ProjectConfigurationPlatforms) = postSolution
		{F379CD3C-8971-4369-89E4-A2D06E6C79F5}.Debug|Any CPU.ActiveCfg = Debug|Any CPU
		{F379CD3C-8971-4369-89E4-A2D06E6C79F5}.Debug|Any CPU.Build.0 = Debug|Any CPU
		{F379CD3C-8971-4369-89E4-A2D06E6C79F5}.Release|Any CPU.ActiveCfg = Release|Any CPU
		{F379CD3C-8971-4369-89E4-A2D06E6C79F5}.Release|Any CPU.Build.0 = Release|Any CPU
		{4588FC5F-4570-4A37-800C-A6FDACDF89A3}.Debug|Any CPU.ActiveCfg = Debug|Any CPU
		{4588FC5F-4570-4A37-800C-A6FDACDF89A3}.Debug|Any CPU.Build.0 = Debug|Any CPU
		{4588FC5F-4570-4A37-800C-A6FDACDF89A3}.Release|Any CPU.ActiveCfg = Release|Any CPU
		{4588FC5F-4570-4A37-800C-A6FDACDF89A3}.Release|Any CPU.Build.0 = Release|Any CPU
		{ADF67D37-DA63-4C48-A251-AB26F7BFFAD4}.Debug|Any CPU.ActiveCfg = Debug|Any CPU
		{ADF67D37-DA63-4C48-A251-AB26F7BFFAD4}.Debug|Any CPU.Build.0 = Debug|Any CPU
		{ADF67D37-DA63-4C48-A251-AB26F7BFFAD4}.Release|Any CPU.ActiveCfg = Release|Any CPU
		{ADF67D37-DA63-4C48-A251-AB26F7BFFAD4}.Release|Any CPU.Build.0 = Release|Any CPU
		{DE638BE4-3B67-4740-A309-9A861EF83C48}.Debug|Any CPU.ActiveCfg = Debug|Any CPU
		{DE638BE4-3B67-4740-A309-9A861EF83C48}.Debug|Any CPU.Build.0 = Debug|Any CPU
		{DE638BE4-3B67-4740-A309-9A861EF83C48}.Release|Any CPU.ActiveCfg = Release|Any CPU
		{DE638BE4-3B67-4740-A309-9A861EF83C48}.Release|Any CPU.Build.0 = Release|Any CPU
		{6BEE1980-ECF1-4390-AACB-857B8F0CD856}.Debug|Any CPU.ActiveCfg = Debug|Any CPU
		{6BEE1980-ECF1-4390-AACB-857B8F0CD856}.Debug|Any CPU.Build.0 = Debug|Any CPU
		{6BEE1980-ECF1-4390-AACB-857B8F0CD856}.Release|Any CPU.ActiveCfg = Release|Any CPU
		{6BEE1980-ECF1-4390-AACB-857B8F0CD856}.Release|Any CPU.Build.0 = Release|Any CPU
		{37B01CD2-695D-47F8-8DCD-F2D60A3CCFC0}.Debug|Any CPU.ActiveCfg = Debug|Any CPU
		{37B01CD2-695D-47F8-8DCD-F2D60A3CCFC0}.Debug|Any CPU.Build.0 = Debug|Any CPU
		{37B01CD2-695D-47F8-8DCD-F2D60A3CCFC0}.Release|Any CPU.ActiveCfg = Release|Any CPU
		{37B01CD2-695D-47F8-8DCD-F2D60A3CCFC0}.Release|Any CPU.Build.0 = Release|Any CPU
		{7B8B7755-720B-4799-A08F-0F5B059EAAAE}.Debug|Any CPU.ActiveCfg = Debug|Any CPU
		{7B8B7755-720B-4799-A08F-0F5B059EAAAE}.Debug|Any CPU.Build.0 = Debug|Any CPU
		{7B8B7755-720B-4799-A08F-0F5B059EAAAE}.Release|Any CPU.ActiveCfg = Release|Any CPU
		{7B8B7755-720B-4799-A08F-0F5B059EAAAE}.Release|Any CPU.Build.0 = Release|Any CPU
		{FA51793E-C697-4AA5-AAA4-9241FDF90051}.Debug|Any CPU.ActiveCfg = Debug|Any CPU
		{FA51793E-C697-4AA5-AAA4-9241FDF90051}.Debug|Any CPU.Build.0 = Debug|Any CPU
		{FA51793E-C697-4AA5-AAA4-9241FDF90051}.Release|Any CPU.ActiveCfg = Release|Any CPU
		{FA51793E-C697-4AA5-AAA4-9241FDF90051}.Release|Any CPU.Build.0 = Release|Any CPU
	EndGlobalSection
	GlobalSection(SolutionProperties) = preSolution
		HideSolutionNode = FALSE
	EndGlobalSection
	GlobalSection(NestedProjects) = preSolution
		{F379CD3C-8971-4369-89E4-A2D06E6C79F5} = {F08646EA-46DD-47C8-9288-F753CD45BBC0}
		{4588FC5F-4570-4A37-800C-A6FDACDF89A3} = {F89FC178-BA4E-48E4-8DA6-FD781A5654A2}
		{ADF67D37-DA63-4C48-A251-AB26F7BFFAD4} = {935E5498-395E-4865-A900-3DA1EE4B7D89}
		{DE638BE4-3B67-4740-A309-9A861EF83C48} = {21D62ECC-D3AC-4471-BAF9-317D98C7B73A}
		{6BEE1980-ECF1-4390-AACB-857B8F0CD856} = {935E5498-395E-4865-A900-3DA1EE4B7D89}
		{37B01CD2-695D-47F8-8DCD-F2D60A3CCFC0} = {935E5498-395E-4865-A900-3DA1EE4B7D89}
		{7B8B7755-720B-4799-A08F-0F5B059EAAAE} = {21D62ECC-D3AC-4471-BAF9-317D98C7B73A}
		{FA51793E-C697-4AA5-AAA4-9241FDF90051} = {F89FC178-BA4E-48E4-8DA6-FD781A5654A2}
	EndGlobalSection
	GlobalSection(ExtensibilityGlobals) = postSolution
		SolutionGuid = {4F236C34-95C4-4821-9550-D8A86E1C9EB3}
	EndGlobalSection
EndGlobal
