
Microsoft Visual Studio Solution File, Format Version 12.00
# Visual Studio Version 16
VisualStudioVersion = 16.0.30907.101
MinimumVisualStudioVersion = 10.0.40219.1
Project("{FAE04EC0-301F-11D3-BF4B-00C04F79EFBC}") = "EPAM 2021 Task 1", "EPAM 2021 Task 1\EPAM 2021 Task 1.csproj", "{85C14382-D006-4698-B10D-FFD4B8DD19EB}"
EndProject
Global
	GlobalSection(SolutionConfigurationPlatforms) = preSolution
		Debug|Any CPU = Debug|Any CPU
		Release|Any CPU = Release|Any CPU
	EndGlobalSection
	GlobalSection(ProjectConfigurationPlatforms) = postSolution
		{85C14382-D006-4698-B10D-FFD4B8DD19EB}.Debug|Any CPU.ActiveCfg = Debug|Any CPU
		{85C14382-D006-4698-B10D-FFD4B8DD19EB}.Debug|Any CPU.Build.0 = Debug|Any CPU
		{85C14382-D006-4698-B10D-FFD4B8DD19EB}.Release|Any CPU.ActiveCfg = Release|Any CPU
		{85C14382-D006-4698-B10D-FFD4B8DD19EB}.Release|Any CPU.Build.0 = Release|Any CPU
	EndGlobalSection
	GlobalSection(SolutionProperties) = preSolution
		HideSolutionNode = FALSE
	EndGlobalSection
	GlobalSection(ExtensibilityGlobals) = postSolution
		SolutionGuid = {2A5E3FD6-06C8-4D9E-A8BB-057C1DD1A34E}
	EndGlobalSection
EndGlobal
